
Microsoft Visual Studio Solution File, Format Version 12.00
# Visual Studio Version 17
VisualStudioVersion = 17.2.32616.157
MinimumVisualStudioVersion = 10.0.40219.1
Project("{FAE04EC0-301F-11D3-BF4B-00C04F79EFBC}") = "Selenium", "Selenium\Selenium.csproj", "{4CA96C7B-93C0-4A71-8342-C4BCF7CD2B92}"
EndProject
Global
	GlobalSection(SolutionConfigurationPlatforms) = preSolution
		Debug|Any CPU = Debug|Any CPU
		Release|Any CPU = Release|Any CPU
	EndGlobalSection
	GlobalSection(ProjectConfigurationPlatforms) = postSolution
		{4CA96C7B-93C0-4A71-8342-C4BCF7CD2B92}.Debug|Any CPU.ActiveCfg = Debug|Any CPU
		{4CA96C7B-93C0-4A71-8342-C4BCF7CD2B92}.Debug|Any CPU.Build.0 = Debug|Any CPU
		{4CA96C7B-93C0-4A71-8342-C4BCF7CD2B92}.Release|Any CPU.ActiveCfg = Release|Any CPU
		{4CA96C7B-93C0-4A71-8342-C4BCF7CD2B92}.Release|Any CPU.Build.0 = Release|Any CPU
	EndGlobalSection
	GlobalSection(SolutionProperties) = preSolution
		HideSolutionNode = FALSE
	EndGlobalSection
	GlobalSection(ExtensibilityGlobals) = postSolution
		SolutionGuid = {BFF34F82-9800-4020-8320-6CD396BC0AE0}
	EndGlobalSection
EndGlobal
